
Microsoft Visual Studio Solution File, Format Version 12.00
# Visual Studio Version 16
VisualStudioVersion = 16.0.31402.337
MinimumVisualStudioVersion = 10.0.40219.1
Project("{8BC9CEB8-8B4A-11D0-8D11-00A0C91BC942}") = "CEAddress", "CEAddress\CEAddress.vcxproj", "{78EE02B2-7929-4C79-9003-C4BB62848716}"
EndProject
Project("{8BC9CEB8-8B4A-11D0-8D11-00A0C91BC942}") = "test", "test\test.vcxproj", "{64D80CCA-1977-4FB9-8539-BAF318718967}"
EndProject
Global
	GlobalSection(SolutionConfigurationPlatforms) = preSolution
		Debug|x64 = Debug|x64
		Debug|x86 = Debug|x86
		Release|x64 = Release|x64
		Release|x86 = Release|x86
	EndGlobalSection
	GlobalSection(ProjectConfigurationPlatforms) = postSolution
		{78EE02B2-7929-4C79-9003-C4BB62848716}.Debug|x64.ActiveCfg = Debug|x64
		{78EE02B2-7929-4C79-9003-C4BB62848716}.Debug|x64.Build.0 = Debug|x64
		{78EE02B2-7929-4C79-9003-C4BB62848716}.Debug|x86.ActiveCfg = Debug|Win32
		{78EE02B2-7929-4C79-9003-C4BB62848716}.Debug|x86.Build.0 = Debug|Win32
		{78EE02B2-7929-4C79-9003-C4BB62848716}.Release|x64.ActiveCfg = Release|x64
		{78EE02B2-7929-4C79-9003-C4BB62848716}.Release|x64.Build.0 = Release|x64
		{78EE02B2-7929-4C79-9003-C4BB62848716}.Release|x86.ActiveCfg = Release|Win32
		{78EE02B2-7929-4C79-9003-C4BB62848716}.Release|x86.Build.0 = Release|Win32
		{64D80CCA-1977-4FB9-8539-BAF318718967}.Debug|x64.ActiveCfg = Debug|x64
		{64D80CCA-1977-4FB9-8539-BAF318718967}.Debug|x64.Build.0 = Debug|x64
		{64D80CCA-1977-4FB9-8539-BAF318718967}.Debug|x86.ActiveCfg = Debug|Win32
		{64D80CCA-1977-4FB9-8539-BAF318718967}.Debug|x86.Build.0 = Debug|Win32
		{64D80CCA-1977-4FB9-8539-BAF318718967}.Release|x64.ActiveCfg = Release|x64
		{64D80CCA-1977-4FB9-8539-BAF318718967}.Release|x64.Build.0 = Release|x64
		{64D80CCA-1977-4FB9-8539-BAF318718967}.Release|x86.ActiveCfg = Release|Win32
		{64D80CCA-1977-4FB9-8539-BAF318718967}.Release|x86.Build.0 = Release|Win32
	EndGlobalSection
	GlobalSection(SolutionProperties) = preSolution
		HideSolutionNode = FALSE
	EndGlobalSection
	GlobalSection(ExtensibilityGlobals) = postSolution
		SolutionGuid = {3E5B9170-BBD5-4B52-AB0F-81BD974C15F1}
	EndGlobalSection
EndGlobal
